
Microsoft Visual Studio Solution File, Format Version 12.00
# Visual Studio Version 17
VisualStudioVersion = 17.6.33712.159
MinimumVisualStudioVersion = 10.0.40219.1
Project("{9A19103F-16F7-4668-BE54-9A1E7A4F7556}") = "webAPI", "webAPI\webAPI.csproj", "{6AC2A730-6A5D-43AF-B759-516E15F1DF20}"
EndProject
Project("{2150E333-8FDC-42A3-9474-1A3956D46DE8}") = "Apps", "Apps", "{EEA73524-96DD-4643-AFEA-A3117D90FB2B}"
EndProject
Global
	GlobalSection(SolutionConfigurationPlatforms) = preSolution
		Debug|Any CPU = Debug|Any CPU
		Release|Any CPU = Release|Any CPU
	EndGlobalSection
	GlobalSection(ProjectConfigurationPlatforms) = postSolution
		{6AC2A730-6A5D-43AF-B759-516E15F1DF20}.Debug|Any CPU.ActiveCfg = Debug|Any CPU
		{6AC2A730-6A5D-43AF-B759-516E15F1DF20}.Debug|Any CPU.Build.0 = Debug|Any CPU
		{6AC2A730-6A5D-43AF-B759-516E15F1DF20}.Release|Any CPU.ActiveCfg = Release|Any CPU
		{6AC2A730-6A5D-43AF-B759-516E15F1DF20}.Release|Any CPU.Build.0 = Release|Any CPU
	EndGlobalSection
	GlobalSection(SolutionProperties) = preSolution
		HideSolutionNode = FALSE
	EndGlobalSection
	GlobalSection(ExtensibilityGlobals) = postSolution
		SolutionGuid = {2A963DA5-3FA6-4F3B-9AC1-3953AF1E92F0}
	EndGlobalSection
EndGlobal
